PODS:
  - Alamofire (3.4.0)
  - BMPlayer (0.2.0):
    - NVActivityIndicatorView (~> 2.6)
    - SnapKit
  - Kingfisher (2.4.1)
  - MJRefresh (3.1.0)
  - NVActivityIndicatorView (2.7)
  - Result (2.0.0)
  - SlideMenuControllerSwift (2.1.1)
  - SnapKit (0.15.0)
  - SugarRecord/CoreData (2.2.8):
    - Result (~> 2.0)
  - SwiftyJSON (2.3.2)
  - SwiftyUserDefaults (2.2.0)
  - Wilddog (1.0.1)

DEPENDENCIES:
  - Alamofire (~> 3.3)
  - BMPlayer (~> 0.2.0)
  - Kingfisher (~> 2.3)
  - MJRefresh
  - SlideMenuControllerSwift
  - SnapKit (~> 0.15.0)
  - SugarRecord/CoreData
  - SwiftyJSON (from `https://github.com/SwiftyJSON/SwiftyJSON.git`)
  - SwiftyUserDefaults
  - Wilddog

EXTERNAL SOURCES:
  SwiftyJSON:
    :git: https://github.com/SwiftyJSON/SwiftyJSON.git

CHECKOUT OPTIONS:
  SwiftyJSON:
    :commit: 2a5b70f06001316d4fb54501edc70b4084705da0
    :git: https://github.com/SwiftyJSON/SwiftyJSON.git

SPEC CHECKSUMS:
  Alamofire: c19a627cefd6a95f840401c49ab1f124e07f54ee
  BMPlayer: a7487d16bf9f08f539b3f55730b2dbfb423b5ee9
  Kingfisher: 41aed5b6c1ed8fa98cf6d75283ce89cf7890f517
  MJRefresh: 743e6404967d1c2c688472ea3ecfde247d872db4
  NVActivityIndicatorView: dc80f18fb27ac92f0aa87246cc13dc39ed3e9ee0
  Result: 9e75e1111c774c6ac594e14907b15057053a7959
  SlideMenuControllerSwift: 82ada9b04e03538c84d034cf1c09e5849c0113f7
  SnapKit: 4962eed2ee18e48cbd2b2292fffc57efe7235f87
  SugarRecord: 2338098ccefc055764c968b2c469b450f63fcc53
  SwiftyJSON: 04ccea08915aa0109039157c7974cf0298da292a
  SwiftyUserDefaults: e7c8197a9d4068702e7f2406a968cae413b8de27
  Wilddog: c59eb9b450c74091276b8bf09170f35dfab50d2d

PODFILE CHECKSUM: 4474cc0d7aad8fe2acfd9800d9db5ad5dbbace48

COCOAPODS: 1.0.0
