PODS:
  - AFNetworking (3.1.0):
    - AFNetworking/NSURLSession (= 3.1.0)
    - AFNetworking/Reachability (= 3.1.0)
    - AFNetworking/Security (= 3.1.0)
    - AFNetworking/Serialization (= 3.1.0)
    - AFNetworking/UIKit (= 3.1.0)
  - AFNetworking/NSURLSession (3.1.0):
    - AFNetworking/Reachability
    - AFNetworking/Security
    - AFNetworking/Serialization
  - AFNetworking/Reachability (3.1.0)
  - AFNetworking/Security (3.1.0)
  - AFNetworking/Serialization (3.1.0)
  - AFNetworking/UIKit (3.1.0):
    - AFNetworking/NSURLSession
  - BMPlayer (0.2.0):
    - NVActivityIndicatorView (~> 2.6)
    - SnapKit
  - HappyDNS (0.2.4)
  - MJRefresh (3.1.0)
  - NVActivityIndicatorView (2.6)
  - Qiniu (7.0.19.1):
    - AFNetworking (~> 3)
    - HappyDNS (~> 0.2)
  - Result (2.0.0)
  - SlideMenuControllerSwift (2.1.1)
  - SnapKit (0.15.0)
  - SugarRecord/CoreData (2.2.8):
    - Result (~> 2.0)
  - SwiftyJSON (2.3.2)
  - SwiftyUserDefaults (2.2.0)
  - Wilddog (1.0.1)

DEPENDENCIES:
  - BMPlayer
  - MJRefresh
  - Qiniu (from `https://github.com/qiniu/objc-sdk.git`, branch `AFNetworking-3.x`)
  - SlideMenuControllerSwift
  - SnapKit (~> 0.15.0)
  - SugarRecord/CoreData
  - SwiftyJSON (from `https://github.com/SwiftyJSON/SwiftyJSON.git`)
  - SwiftyUserDefaults
  - Wilddog

EXTERNAL SOURCES:
  Qiniu:
    :branch: AFNetworking-3.x
    :git: https://github.com/qiniu/objc-sdk.git
  SwiftyJSON:
    :git: https://github.com/SwiftyJSON/SwiftyJSON.git

CHECKOUT OPTIONS:
  Qiniu:
    :commit: aafddf1e5c93a39ff7e4d3ccd73ce26ba84afd28
    :git: https://github.com/qiniu/objc-sdk.git
  SwiftyJSON:
    :commit: 2a5b70f06001316d4fb54501edc70b4084705da0
    :git: https://github.com/SwiftyJSON/SwiftyJSON.git

SPEC CHECKSUMS:
  AFNetworking: 5e0e199f73d8626b11e79750991f5d173d1f8b67
  BMPlayer: a7487d16bf9f08f539b3f55730b2dbfb423b5ee9
  HappyDNS: 86ab4be498cc5cc884002b248979cd130cfbe10e
  MJRefresh: 743e6404967d1c2c688472ea3ecfde247d872db4
  NVActivityIndicatorView: b8207b369c012af32da0916a8346a56d16a5fbbe
  Qiniu: fba2244a7f3a1356882430e1e2761a7d70340994
  Result: 9e75e1111c774c6ac594e14907b15057053a7959
  SlideMenuControllerSwift: 82ada9b04e03538c84d034cf1c09e5849c0113f7
  SnapKit: 4962eed2ee18e48cbd2b2292fffc57efe7235f87
  SugarRecord: 2338098ccefc055764c968b2c469b450f63fcc53
  SwiftyJSON: 04ccea08915aa0109039157c7974cf0298da292a
  SwiftyUserDefaults: e7c8197a9d4068702e7f2406a968cae413b8de27
  Wilddog: c59eb9b450c74091276b8bf09170f35dfab50d2d

PODFILE CHECKSUM: 8c7e733b8aa44313a07768c9569479ea7712292e

COCOAPODS: 1.0.0
