PODS:
  - Alamofire (3.4.0)
  - BMPlayer (0.2.0):
    - NVActivityIndicatorView (~> 2.6)
    - SnapKit
  - CryptoSwift (0.4.1)
  - HanekeSwift (0.10.1)
  - Kingfisher (2.4.1)
  - NVActivityIndicatorView (2.6)
  - SlideMenuControllerSwift (2.1.1)
  - SnapKit (0.15.0)
  - SwiftyJSON (2.3.2)
  - SwiftyUserDefaults (2.2.0)
  - TextInputViewGroup (1.0.3)
  - UPYUN (1.0.0)
  - Wilddog (1.0.1)
  - XLPagerTabStrip (5.0.0)
  - XWSwiftRefresh (0.1.9)

DEPENDENCIES:
  - Alamofire (~> 3.3)
  - BMPlayer
  - CryptoSwift
  - HanekeSwift
  - Kingfisher (~> 2.3)
  - SlideMenuControllerSwift
  - SnapKit (~> 0.15.0)
  - SwiftyJSON (from `https://github.com/SwiftyJSON/SwiftyJSON.git`)
  - SwiftyUserDefaults
  - TextInputViewGroup
  - UPYUN (~> 1.0.0)
  - Wilddog
  - XLPagerTabStrip (~> 5.0)
  - XWSwiftRefresh (~> 0.1.9)

EXTERNAL SOURCES:
  SwiftyJSON:
    :git: https://github.com/SwiftyJSON/SwiftyJSON.git

CHECKOUT OPTIONS:
  SwiftyJSON:
    :commit: 2a5b70f06001316d4fb54501edc70b4084705da0
    :git: https://github.com/SwiftyJSON/SwiftyJSON.git

SPEC CHECKSUMS:
  Alamofire: c19a627cefd6a95f840401c49ab1f124e07f54ee
  BMPlayer: a7487d16bf9f08f539b3f55730b2dbfb423b5ee9
  CryptoSwift: 25b5aff3f260967391f8fff2e9abe4254d2c6fd5
  HanekeSwift: 08e47d3d0f2899ec58e5d257beba0de619aca9e8
  Kingfisher: 41aed5b6c1ed8fa98cf6d75283ce89cf7890f517
  NVActivityIndicatorView: b8207b369c012af32da0916a8346a56d16a5fbbe
  SlideMenuControllerSwift: 82ada9b04e03538c84d034cf1c09e5849c0113f7
  SnapKit: 4962eed2ee18e48cbd2b2292fffc57efe7235f87
  SwiftyJSON: 04ccea08915aa0109039157c7974cf0298da292a
  SwiftyUserDefaults: e7c8197a9d4068702e7f2406a968cae413b8de27
  TextInputViewGroup: b631c40b1a78d57af3b98816a5ab85b7d84b45f1
  UPYUN: 2da85016b99458d9c13227208cb56e4fddd54cd6
  Wilddog: c59eb9b450c74091276b8bf09170f35dfab50d2d
  XLPagerTabStrip: 87b8b705f9a7178e76a063ffaa2d70045944a965
  XWSwiftRefresh: 1981ad8f7579da94c94a8e7720803f2579dcde46

PODFILE CHECKSUM: 38a52fa450d001157e9d5bfaf9c319e6d7deb99d

COCOAPODS: 1.0.0
