// !$*UTF8*$!
{
	archiveVersion = 1;
	classes = {
	};
	objectVersion = 46;
	objects = {

/* Begin PBXBuildFile section */
		0A1EBDB0DCCD3A1B64C8AA11 /* Pods_SunGod.framework in Frameworks */ = {isa = PBXBuildFile; fileRef = 8417D1B6633142F6AA33A989 /* Pods_SunGod.framework */; };
		410B7E171CF2FD53002EDF77 /* VideosKindsViewController.swift in Sources */ = {isa = PBXBuildFile; fileRef = 410B7E161CF2FD53002EDF77 /* VideosKindsViewController.swift */; };
		410B7E1D1CF300FD002EDF77 /* MeViewController.swift in Sources */ = {isa = PBXBuildFile; fileRef = 410B7E1C1CF300FD002EDF77 /* MeViewController.swift */; };
		410B7E1F1CF301AE002EDF77 /* SettingViewController.swift in Sources */ = {isa = PBXBuildFile; fileRef = 410B7E1E1CF301AE002EDF77 /* SettingViewController.swift */; };
		410B7E221CF30588002EDF77 /* VideoKindsCollectionViewCell.swift in Sources */ = {isa = PBXBuildFile; fileRef = 410B7E201CF30588002EDF77 /* VideoKindsCollectionViewCell.swift */; };
		410B7E231CF30588002EDF77 /* VideoKindsCollectionViewCell.xib in Resources */ = {isa = PBXBuildFile; fileRef = 410B7E211CF30588002EDF77 /* VideoKindsCollectionViewCell.xib */; };
		414B31A51CE1892D0011173D /* VideoCollectionViewCell.swift in Sources */ = {isa = PBXBuildFile; fileRef = 414B31A31CE1892D0011173D /* VideoCollectionViewCell.swift */; };
		414B31A81CE193540011173D /* VideoItemInformationViewController.swift in Sources */ = {isa = PBXBuildFile; fileRef = 414B31A71CE193540011173D /* VideoItemInformationViewController.swift */; };
		41ABB0A21CD048BF00DF728A /* AppDelegate.swift in Sources */ = {isa = PBXBuildFile; fileRef = 41ABB0A11CD048BF00DF728A /* AppDelegate.swift */; };
		41ABB0A91CD048BF00DF728A /* Assets.xcassets in Resources */ = {isa = PBXBuildFile; fileRef = 41ABB0A81CD048BF00DF728A /* Assets.xcassets */; };
		41ABB0AC1CD048BF00DF728A /* LaunchScreen.storyboard in Resources */ = {isa = PBXBuildFile; fileRef = 41ABB0AA1CD048BF00DF728A /* LaunchScreen.storyboard */; };
		41B3AD181D06C40D000DAE82 /* Configs.swift in Sources */ = {isa = PBXBuildFile; fileRef = 41B3AD171D06C40D000DAE82 /* Configs.swift */; };
		41BB67851CE08D0000467584 /* VideoItemModel.swift in Sources */ = {isa = PBXBuildFile; fileRef = 41BB67841CE08D0000467584 /* VideoItemModel.swift */; };
		41E95FAF1CDB2A78004B23A5 /* VideosListCollectionViewController.swift in Sources */ = {isa = PBXBuildFile; fileRef = 41E95FAD1CDB2A78004B23A5 /* VideosListCollectionViewController.swift */; };
		41F4E1241CF3F5E90045119E /* VideosKingsListViewController.swift in Sources */ = {isa = PBXBuildFile; fileRef = 41F4E1231CF3F5E90045119E /* VideosKingsListViewController.swift */; };
		41F4E1271CF3FB650045119E /* WilldogManger.swift in Sources */ = {isa = PBXBuildFile; fileRef = 41F4E1261CF3FB650045119E /* WilldogManger.swift */; };
		AB23F00A1D051A3D00CC93D0 /* Me.storyboard in Resources */ = {isa = PBXBuildFile; fileRef = AB23F0091D051A3D00CC93D0 /* Me.storyboard */; };
		AB4051421CEBF8E4004571E4 /* LeftMenuViewController.swift in Sources */ = {isa = PBXBuildFile; fileRef = AB4051411CEBF8E4004571E4 /* LeftMenuViewController.swift */; };
		AB40514E1CEC97E1004571E4 /* VideoCollectionViewCell.xib in Resources */ = {isa = PBXBuildFile; fileRef = AB40514C1CEC97E1004571E4 /* VideoCollectionViewCell.xib */; };
		AB85834D1CFBDC9D0032BC0E /* MeSettingViewController.swift in Sources */ = {isa = PBXBuildFile; fileRef = AB85834B1CFBDC9D0032BC0E /* MeSettingViewController.swift */; };
		AB8583511CFBDFD10032BC0E /* UserPhotoTableViewCell.swift in Sources */ = {isa = PBXBuildFile; fileRef = AB85834F1CFBDFD10032BC0E /* UserPhotoTableViewCell.swift */; };
		AB8583521CFBDFD10032BC0E /* UserPhotoTableViewCell.xib in Resources */ = {isa = PBXBuildFile; fileRef = AB8583501CFBDFD10032BC0E /* UserPhotoTableViewCell.xib */; };
		AB8583551CFBE1300032BC0E /* UserNameTableViewCell.swift in Sources */ = {isa = PBXBuildFile; fileRef = AB8583531CFBE1300032BC0E /* UserNameTableViewCell.swift */; };
		AB8583561CFBE1300032BC0E /* UserNameTableViewCell.xib in Resources */ = {isa = PBXBuildFile; fileRef = AB8583541CFBE1300032BC0E /* UserNameTableViewCell.xib */; };
		AB8583581CFBE6B10032BC0E /* UserDefaults.swift in Sources */ = {isa = PBXBuildFile; fileRef = AB8583571CFBE6B10032BC0E /* UserDefaults.swift */; };
		AB99CC041D0D0EFB00D630B8 /* VideoItemTableViewCell.swift in Sources */ = {isa = PBXBuildFile; fileRef = AB99CC021D0D0EFB00D630B8 /* VideoItemTableViewCell.swift */; };
		AB99CC051D0D0EFB00D630B8 /* VideoItemTableViewCell.xib in Resources */ = {isa = PBXBuildFile; fileRef = AB99CC031D0D0EFB00D630B8 /* VideoItemTableViewCell.xib */; };
		AB99CC071D0EF40800D630B8 /* ComiteViewController.swift in Sources */ = {isa = PBXBuildFile; fileRef = AB99CC061D0EF40800D630B8 /* ComiteViewController.swift */; };
		ABCCD16D1D0578CB0040D0D9 /* DownVideo.swift in Sources */ = {isa = PBXBuildFile; fileRef = ABCCD16C1D0578CB0040D0D9 /* DownVideo.swift */; };
		ABCCD16F1D057F000040D0D9 /* LogViewController.swift in Sources */ = {isa = PBXBuildFile; fileRef = ABCCD16E1D057F000040D0D9 /* LogViewController.swift */; };
		ABEFFA5A1CF6FEC200CE323A /* UserSeeCacheViewController.swift in Sources */ = {isa = PBXBuildFile; fileRef = ABEFFA591CF6FEC200CE323A /* UserSeeCacheViewController.swift */; };
		ABEFFA611CF7DBF700CE323A /* CommitTableViewCell.swift in Sources */ = {isa = PBXBuildFile; fileRef = ABEFFA5F1CF7DBF700CE323A /* CommitTableViewCell.swift */; };
		ABEFFA621CF7DBF700CE323A /* CommitTableViewCell.xib in Resources */ = {isa = PBXBuildFile; fileRef = ABEFFA601CF7DBF700CE323A /* CommitTableViewCell.xib */; };
		ABEFFA6B1CFA939100CE323A /* NetWorkingManager.swift in Sources */ = {isa = PBXBuildFile; fileRef = ABEFFA6A1CFA939100CE323A /* NetWorkingManager.swift */; };
		ABEFFA6D1CFA97B100CE323A /* VideosKindsModel.swift in Sources */ = {isa = PBXBuildFile; fileRef = ABEFFA6C1CFA97B100CE323A /* VideosKindsModel.swift */; };
		ABEFFA6F1CFAFC8800CE323A /* QiNiuManager.swift in Sources */ = {isa = PBXBuildFile; fileRef = ABEFFA6E1CFAFC8800CE323A /* QiNiuManager.swift */; };
/* End PBXBuildFile section */

/* Begin PBXFileReference section */
		410B7E161CF2FD53002EDF77 /* VideosKindsViewController.swift */ = {isa = PBXFileReference; fileEncoding = 4; lastKnownFileType = sourcecode.swift; path = VideosKindsViewController.swift; sourceTree = "<group>"; };
		410B7E1C1CF300FD002EDF77 /* MeViewController.swift */ = {isa = PBXFileReference; fileEncoding = 4; lastKnownFileType = sourcecode.swift; path = MeViewController.swift; sourceTree = "<group>"; };
		410B7E1E1CF301AE002EDF77 /* SettingViewController.swift */ = {isa = PBXFileReference; fileEncoding = 4; lastKnownFileType = sourcecode.swift; path = SettingViewController.swift; sourceTree = "<group>"; };
		410B7E201CF30588002EDF77 /* VideoKindsCollectionViewCell.swift */ = {isa = PBXFileReference; fileEncoding = 4; lastKnownFileType = sourcecode.swift; path = VideoKindsCollectionViewCell.swift; sourceTree = "<group>"; };
		410B7E211CF30588002EDF77 /* VideoKindsCollectionViewCell.xib */ = {isa = PBXFileReference; fileEncoding = 4; lastKnownFileType = file.xib; path = VideoKindsCollectionViewCell.xib; sourceTree = "<group>"; };
		414B31A31CE1892D0011173D /* VideoCollectionViewCell.swift */ = {isa = PBXFileReference; fileEncoding = 4; lastKnownFileType = sourcecode.swift; path = VideoCollectionViewCell.swift; sourceTree = "<group>"; };
		414B31A71CE193540011173D /* VideoItemInformationViewController.swift */ = {isa = PBXFileReference; fileEncoding = 4; lastKnownFileType = sourcecode.swift; path = VideoItemInformationViewController.swift; sourceTree = "<group>"; };
		41ABB09E1CD048BF00DF728A /* SunGod.app */ = {isa = PBXFileReference; explicitFileType = wrapper.application; includeInIndex = 0; path = SunGod.app; sourceTree = BUILT_PRODUCTS_DIR; };
		41ABB0A11CD048BF00DF728A /* AppDelegate.swift */ = {isa = PBXFileReference; lastKnownFileType = sourcecode.swift; path = AppDelegate.swift; sourceTree = "<group>"; };
		41ABB0A81CD048BF00DF728A /* Assets.xcassets */ = {isa = PBXFileReference; lastKnownFileType = folder.assetcatalog; path = Assets.xcassets; sourceTree = "<group>"; };
		41ABB0AB1CD048BF00DF728A /* Base */ = {isa = PBXFileReference; lastKnownFileType = file.storyboard; name = Base; path = Base.lproj/LaunchScreen.storyboard; sourceTree = "<group>"; };
		41ABB0AD1CD048BF00DF728A /* Info.plist */ = {isa = PBXFileReference; lastKnownFileType = text.plist.xml; path = Info.plist; sourceTree = "<group>"; };
		41B3AD171D06C40D000DAE82 /* Configs.swift */ = {isa = PBXFileReference; fileEncoding = 4; lastKnownFileType = sourcecode.swift; path = Configs.swift; sourceTree = "<group>"; };
		41BB67841CE08D0000467584 /* VideoItemModel.swift */ = {isa = PBXFileReference; fileEncoding = 4; lastKnownFileType = sourcecode.swift; path = VideoItemModel.swift; sourceTree = "<group>"; };
		41E95FAD1CDB2A78004B23A5 /* VideosListCollectionViewController.swift */ = {isa = PBXFileReference; fileEncoding = 4; lastKnownFileType = sourcecode.swift; path = VideosListCollectionViewController.swift; sourceTree = "<group>"; };
		41F4E1231CF3F5E90045119E /* VideosKingsListViewController.swift */ = {isa = PBXFileReference; fileEncoding = 4; lastKnownFileType = sourcecode.swift; path = VideosKingsListViewController.swift; sourceTree = "<group>"; };
		41F4E1261CF3FB650045119E /* WilldogManger.swift */ = {isa = PBXFileReference; fileEncoding = 4; lastKnownFileType = sourcecode.swift; path = WilldogManger.swift; sourceTree = "<group>"; };
		8417D1B6633142F6AA33A989 /* Pods_SunGod.framework */ = {isa = PBXFileReference; explicitFileType = wrapper.framework; includeInIndex = 0; path = Pods_SunGod.framework; sourceTree = BUILT_PRODUCTS_DIR; };
		AB23F0091D051A3D00CC93D0 /* Me.storyboard */ = {isa = PBXFileReference; fileEncoding = 4; lastKnownFileType = file.storyboard; path = Me.storyboard; sourceTree = "<group>"; };
		AB4051411CEBF8E4004571E4 /* LeftMenuViewController.swift */ = {isa = PBXFileReference; fileEncoding = 4; lastKnownFileType = sourcecode.swift; path = LeftMenuViewController.swift; sourceTree = "<group>"; };
		AB40514C1CEC97E1004571E4 /* VideoCollectionViewCell.xib */ = {isa = PBXFileReference; fileEncoding = 4; lastKnownFileType = file.xib; path = VideoCollectionViewCell.xib; sourceTree = "<group>"; };
		AB85834B1CFBDC9D0032BC0E /* MeSettingViewController.swift */ = {isa = PBXFileReference; fileEncoding = 4; lastKnownFileType = sourcecode.swift; path = MeSettingViewController.swift; sourceTree = "<group>"; };
		AB85834F1CFBDFD10032BC0E /* UserPhotoTableViewCell.swift */ = {isa = PBXFileReference; fileEncoding = 4; lastKnownFileType = sourcecode.swift; path = UserPhotoTableViewCell.swift; sourceTree = "<group>"; };
		AB8583501CFBDFD10032BC0E /* UserPhotoTableViewCell.xib */ = {isa = PBXFileReference; fileEncoding = 4; lastKnownFileType = file.xib; path = UserPhotoTableViewCell.xib; sourceTree = "<group>"; };
		AB8583531CFBE1300032BC0E /* UserNameTableViewCell.swift */ = {isa = PBXFileReference; fileEncoding = 4; lastKnownFileType = sourcecode.swift; path = UserNameTableViewCell.swift; sourceTree = "<group>"; };
		AB8583541CFBE1300032BC0E /* UserNameTableViewCell.xib */ = {isa = PBXFileReference; fileEncoding = 4; lastKnownFileType = file.xib; path = UserNameTableViewCell.xib; sourceTree = "<group>"; };
		AB8583571CFBE6B10032BC0E /* UserDefaults.swift */ = {isa = PBXFileReference; fileEncoding = 4; lastKnownFileType = sourcecode.swift; path = UserDefaults.swift; sourceTree = "<group>"; };
		AB99CC021D0D0EFB00D630B8 /* VideoItemTableViewCell.swift */ = {isa = PBXFileReference; fileEncoding = 4; lastKnownFileType = sourcecode.swift; path = VideoItemTableViewCell.swift; sourceTree = "<group>"; };
		AB99CC031D0D0EFB00D630B8 /* VideoItemTableViewCell.xib */ = {isa = PBXFileReference; fileEncoding = 4; lastKnownFileType = file.xib; path = VideoItemTableViewCell.xib; sourceTree = "<group>"; };
		AB99CC061D0EF40800D630B8 /* ComiteViewController.swift */ = {isa = PBXFileReference; fileEncoding = 4; lastKnownFileType = sourcecode.swift; path = ComiteViewController.swift; sourceTree = "<group>"; };
		ABCCD16C1D0578CB0040D0D9 /* DownVideo.swift */ = {isa = PBXFileReference; fileEncoding = 4; lastKnownFileType = sourcecode.swift; path = DownVideo.swift; sourceTree = "<group>"; };
		ABCCD16E1D057F000040D0D9 /* LogViewController.swift */ = {isa = PBXFileReference; fileEncoding = 4; lastKnownFileType = sourcecode.swift; path = LogViewController.swift; sourceTree = "<group>"; };
		ABEFFA591CF6FEC200CE323A /* UserSeeCacheViewController.swift */ = {isa = PBXFileReference; fileEncoding = 4; lastKnownFileType = sourcecode.swift; path = UserSeeCacheViewController.swift; sourceTree = "<group>"; };
		ABEFFA5F1CF7DBF700CE323A /* CommitTableViewCell.swift */ = {isa = PBXFileReference; fileEncoding = 4; lastKnownFileType = sourcecode.swift; path = CommitTableViewCell.swift; sourceTree = "<group>"; };
		ABEFFA601CF7DBF700CE323A /* CommitTableViewCell.xib */ = {isa = PBXFileReference; fileEncoding = 4; lastKnownFileType = file.xib; path = CommitTableViewCell.xib; sourceTree = "<group>"; };
		ABEFFA631CFA8E1300CE323A /* SunGod-Bridging-Header.h */ = {isa = PBXFileReference; lastKnownFileType = sourcecode.c.h; path = "SunGod-Bridging-Header.h"; sourceTree = "<group>"; };
		ABEFFA6A1CFA939100CE323A /* NetWorkingManager.swift */ = {isa = PBXFileReference; fileEncoding = 4; lastKnownFileType = sourcecode.swift; path = NetWorkingManager.swift; sourceTree = "<group>"; };
		ABEFFA6C1CFA97B100CE323A /* VideosKindsModel.swift */ = {isa = PBXFileReference; fileEncoding = 4; lastKnownFileType = sourcecode.swift; path = VideosKindsModel.swift; sourceTree = "<group>"; };
		ABEFFA6E1CFAFC8800CE323A /* QiNiuManager.swift */ = {isa = PBXFileReference; fileEncoding = 4; lastKnownFileType = sourcecode.swift; path = QiNiuManager.swift; sourceTree = "<group>"; };
		BD7F76BAD01D27AD983AB223 /* Pods-SunGod.debug.xcconfig */ = {isa = PBXFileReference; includeInIndex = 1; lastKnownFileType = text.xcconfig; name = "Pods-SunGod.debug.xcconfig"; path = "Pods/Target Support Files/Pods-SunGod/Pods-SunGod.debug.xcconfig"; sourceTree = "<group>"; };
		FC1F80360CDCA48F9CD0B111 /* Pods-SunGod.release.xcconfig */ = {isa = PBXFileReference; includeInIndex = 1; lastKnownFileType = text.xcconfig; name = "Pods-SunGod.release.xcconfig"; path = "Pods/Target Support Files/Pods-SunGod/Pods-SunGod.release.xcconfig"; sourceTree = "<group>"; };
/* End PBXFileReference section */

/* Begin PBXFrameworksBuildPhase section */
		41ABB09B1CD048BF00DF728A /* Frameworks */ = {
			isa = PBXFrameworksBuildPhase;
			buildActionMask = 2147483647;
			files = (
				0A1EBDB0DCCD3A1B64C8AA11 /* Pods_SunGod.framework in Frameworks */,
			);
			runOnlyForDeploymentPostprocessing = 0;
		};
/* End PBXFrameworksBuildPhase section */

/* Begin PBXGroup section */
		08650FE34E76EDC7613C1E0F /* Pods */ = {
			isa = PBXGroup;
			children = (
				BD7F76BAD01D27AD983AB223 /* Pods-SunGod.debug.xcconfig */,
				FC1F80360CDCA48F9CD0B111 /* Pods-SunGod.release.xcconfig */,
			);
			name = Pods;
			sourceTree = "<group>";
		};
		0FBEA84A1C53270925074ABE /* Frameworks */ = {
			isa = PBXGroup;
			children = (
				8417D1B6633142F6AA33A989 /* Pods_SunGod.framework */,
			);
			name = Frameworks;
			sourceTree = "<group>";
		};
		410B7E181CF30085002EDF77 /* 推荐 */ = {
			isa = PBXGroup;
			children = (
				41E95FAD1CDB2A78004B23A5 /* VideosListCollectionViewController.swift */,
			);
			name = "推荐";
			sourceTree = "<group>";
		};
		410B7E191CF30095002EDF77 /* 栏目 */ = {
			isa = PBXGroup;
			children = (
				410B7E161CF2FD53002EDF77 /* VideosKindsViewController.swift */,
				41F4E1231CF3F5E90045119E /* VideosKingsListViewController.swift */,
			);
			name = "栏目";
			sourceTree = "<group>";
		};
		410B7E1A1CF300A7002EDF77 /* ME */ = {
			isa = PBXGroup;
			children = (
				AB23F0091D051A3D00CC93D0 /* Me.storyboard */,
				410B7E1C1CF300FD002EDF77 /* MeViewController.swift */,
				AB85834B1CFBDC9D0032BC0E /* MeSettingViewController.swift */,
				ABCCD16E1D057F000040D0D9 /* LogViewController.swift */,
				ABEFFA591CF6FEC200CE323A /* UserSeeCacheViewController.swift */,
			);
			name = ME;
			sourceTree = "<group>";
		};
		410B7E1B1CF300AE002EDF77 /* 设置 */ = {
			isa = PBXGroup;
			children = (
				410B7E1E1CF301AE002EDF77 /* SettingViewController.swift */,
			);
			name = "设置";
			sourceTree = "<group>";
		};
		413A44541CD2FBB400EAEB4B /* C */ = {
			isa = PBXGroup;
			children = (
				41F4E1251CF3FB4F0045119E /* Willdog */,
				AB4051401CEBF575004571E4 /* SlideMenuController */,
				413A44551CD2FBCB00EAEB4B /* VideoViewController */,
			);
			name = C;
			sourceTree = "<group>";
		};
		413A44551CD2FBCB00EAEB4B /* VideoViewController */ = {
			isa = PBXGroup;
			children = (
				410B7E1B1CF300AE002EDF77 /* 设置 */,
				410B7E1A1CF300A7002EDF77 /* ME */,
				410B7E191CF30095002EDF77 /* 栏目 */,
				410B7E181CF30085002EDF77 /* 推荐 */,
				414B31A71CE193540011173D /* VideoItemInformationViewController.swift */,
			);
			name = VideoViewController;
			sourceTree = "<group>";
		};
		41A975701CDA165E006B0DD6 /* V */ = {
			isa = PBXGroup;
			children = (
				414B31A31CE1892D0011173D /* VideoCollectionViewCell.swift */,
				AB85834F1CFBDFD10032BC0E /* UserPhotoTableViewCell.swift */,
				AB8583531CFBE1300032BC0E /* UserNameTableViewCell.swift */,
				AB8583541CFBE1300032BC0E /* UserNameTableViewCell.xib */,
				AB8583501CFBDFD10032BC0E /* UserPhotoTableViewCell.xib */,
				ABEFFA5F1CF7DBF700CE323A /* CommitTableViewCell.swift */,
				ABEFFA601CF7DBF700CE323A /* CommitTableViewCell.xib */,
				410B7E201CF30588002EDF77 /* VideoKindsCollectionViewCell.swift */,
				410B7E211CF30588002EDF77 /* VideoKindsCollectionViewCell.xib */,
				AB40514C1CEC97E1004571E4 /* VideoCollectionViewCell.xib */,
				AB99CC021D0D0EFB00D630B8 /* VideoItemTableViewCell.swift */,
				AB99CC031D0D0EFB00D630B8 /* VideoItemTableViewCell.xib */,
				AB99CC061D0EF40800D630B8 /* ComiteViewController.swift */,
			);
			name = V;
			sourceTree = "<group>";
		};
		41ABB0951CD048BF00DF728A = {
			isa = PBXGroup;
			children = (
				41ABB0A01CD048BF00DF728A /* SunGod */,
				41ABB09F1CD048BF00DF728A /* Products */,
				08650FE34E76EDC7613C1E0F /* Pods */,
				0FBEA84A1C53270925074ABE /* Frameworks */,
			);
			sourceTree = "<group>";
		};
		41ABB09F1CD048BF00DF728A /* Products */ = {
			isa = PBXGroup;
			children = (
				41ABB09E1CD048BF00DF728A /* SunGod.app */,
			);
			name = Products;
			sourceTree = "<group>";
		};
		41ABB0A01CD048BF00DF728A /* SunGod */ = {
			isa = PBXGroup;
			children = (
				41DB3BB91CD2F03D0098F8DC /* Assets */,
				AB7B21B61CE628DC00B1C75A /* Info */,
				41BB67831CE08CE100467584 /* M */,
				41A975701CDA165E006B0DD6 /* V */,
				413A44541CD2FBB400EAEB4B /* C */,
			);
			path = SunGod;
			sourceTree = "<group>";
		};
		41BB67831CE08CE100467584 /* M */ = {
			isa = PBXGroup;
			children = (
				41BB67841CE08D0000467584 /* VideoItemModel.swift */,
				AB8583571CFBE6B10032BC0E /* UserDefaults.swift */,
				ABEFFA6E1CFAFC8800CE323A /* QiNiuManager.swift */,
				ABEFFA6C1CFA97B100CE323A /* VideosKindsModel.swift */,
				ABEFFA6A1CFA939100CE323A /* NetWorkingManager.swift */,
				ABCCD16C1D0578CB0040D0D9 /* DownVideo.swift */,
			);
			name = M;
			sourceTree = "<group>";
		};
		41DB3BB91CD2F03D0098F8DC /* Assets */ = {
			isa = PBXGroup;
			children = (
				41ABB0A81CD048BF00DF728A /* Assets.xcassets */,
			);
			name = Assets;
			sourceTree = "<group>";
		};
		41F4E1251CF3FB4F0045119E /* Willdog */ = {
			isa = PBXGroup;
			children = (
				41F4E1261CF3FB650045119E /* WilldogManger.swift */,
			);
			name = Willdog;
			sourceTree = "<group>";
		};
		AB4051401CEBF575004571E4 /* SlideMenuController */ = {
			isa = PBXGroup;
			children = (
				AB4051411CEBF8E4004571E4 /* LeftMenuViewController.swift */,
			);
			name = SlideMenuController;
			sourceTree = "<group>";
		};
		AB7B21B61CE628DC00B1C75A /* Info */ = {
			isa = PBXGroup;
			children = (
				41ABB0AA1CD048BF00DF728A /* LaunchScreen.storyboard */,
				41ABB0A11CD048BF00DF728A /* AppDelegate.swift */,
				41B3AD171D06C40D000DAE82 /* Configs.swift */,
				41ABB0AD1CD048BF00DF728A /* Info.plist */,
				ABEFFA631CFA8E1300CE323A /* SunGod-Bridging-Header.h */,
			);
			name = Info;
			sourceTree = "<group>";
		};
/* End PBXGroup section */

/* Begin PBXNativeTarget section */
		41ABB09D1CD048BF00DF728A /* SunGod */ = {
			isa = PBXNativeTarget;
			buildConfigurationList = 41ABB0B01CD048BF00DF728A /* Build configuration list for PBXNativeTarget "SunGod" */;
			buildPhases = (
				1F6A06338A19D0C2CFDD6F74 /* 📦 Check Pods Manifest.lock */,
				41ABB09A1CD048BF00DF728A /* Sources */,
				41ABB09B1CD048BF00DF728A /* Frameworks */,
				41ABB09C1CD048BF00DF728A /* Resources */,
				8E94FCFE8D76E3513FA37491 /* 📦 Embed Pods Frameworks */,
				412A42B6C5618545097B67A3 /* 📦 Copy Pods Resources */,
			);
			buildRules = (
			);
			dependencies = (
			);
			name = SunGod;
			productName = SunGod;
			productReference = 41ABB09E1CD048BF00DF728A /* SunGod.app */;
			productType = "com.apple.product-type.application";
		};
/* End PBXNativeTarget section */

/* Begin PBXProject section */
		41ABB0961CD048BF00DF728A /* Project object */ = {
			isa = PBXProject;
			attributes = {
				LastSwiftUpdateCheck = 0730;
				LastUpgradeCheck = 0730;
				ORGANIZATIONNAME = "太阳在线";
				TargetAttributes = {
					41ABB09D1CD048BF00DF728A = {
						CreatedOnToolsVersion = 7.3;
						DevelopmentTeam = 5L2VYS9EW8;
					};
				};
			};
			buildConfigurationList = 41ABB0991CD048BF00DF728A /* Build configuration list for PBXProject "SunGod" */;
			compatibilityVersion = "Xcode 3.2";
			developmentRegion = English;
			hasScannedForEncodings = 0;
			knownRegions = (
				en,
				Base,
			);
			mainGroup = 41ABB0951CD048BF00DF728A;
			productRefGroup = 41ABB09F1CD048BF00DF728A /* Products */;
			projectDirPath = "";
			projectRoot = "";
			targets = (
				41ABB09D1CD048BF00DF728A /* SunGod */,
			);
		};
/* End PBXProject section */

/* Begin PBXResourcesBuildPhase section */
		41ABB09C1CD048BF00DF728A /* Resources */ = {
			isa = PBXResourcesBuildPhase;
			buildActionMask = 2147483647;
			files = (
				410B7E231CF30588002EDF77 /* VideoKindsCollectionViewCell.xib in Resources */,
				AB23F00A1D051A3D00CC93D0 /* Me.storyboard in Resources */,
				41ABB0AC1CD048BF00DF728A /* LaunchScreen.storyboard in Resources */,
				AB8583521CFBDFD10032BC0E /* UserPhotoTableViewCell.xib in Resources */,
				AB40514E1CEC97E1004571E4 /* VideoCollectionViewCell.xib in Resources */,
				ABEFFA621CF7DBF700CE323A /* CommitTableViewCell.xib in Resources */,
				AB8583561CFBE1300032BC0E /* UserNameTableViewCell.xib in Resources */,
				AB99CC051D0D0EFB00D630B8 /* VideoItemTableViewCell.xib in Resources */,
				41ABB0A91CD048BF00DF728A /* Assets.xcassets in Resources */,
			);
			runOnlyForDeploymentPostprocessing = 0;
		};
/* End PBXResourcesBuildPhase section */

/* Begin PBXShellScriptBuildPhase section */
		1F6A06338A19D0C2CFDD6F74 /* 📦 Check Pods Manifest.lock */ = {
			isa = PBXShellScriptBuildPhase;
			buildActionMask = 2147483647;
			files = (
			);
			inputPaths = (
			);
			name = "📦 Check Pods Manifest.lock";
			outputPaths = (
			);
			runOnlyForDeploymentPostprocessing = 0;
			shellPath = /bin/sh;
			shellScript = "diff \"${PODS_ROOT}/../Podfile.lock\" \"${PODS_ROOT}/Manifest.lock\" > /dev/null\nif [[ $? != 0 ]] ; then\n    cat << EOM\nerror: The sandbox is not in sync with the Podfile.lock. Run 'pod install' or update your CocoaPods installation.\nEOM\n    exit 1\nfi\n";
			showEnvVarsInLog = 0;
		};
		412A42B6C5618545097B67A3 /* 📦 Copy Pods Resources */ = {
			isa = PBXShellScriptBuildPhase;
			buildActionMask = 2147483647;
			files = (
			);
			inputPaths = (
			);
			name = "📦 Copy Pods Resources";
			outputPaths = (
			);
			runOnlyForDeploymentPostprocessing = 0;
			shellPath = /bin/sh;
			shellScript = "\"${SRCROOT}/Pods/Target Support Files/Pods-SunGod/Pods-SunGod-resources.sh\"\n";
			showEnvVarsInLog = 0;
		};
		8E94FCFE8D76E3513FA37491 /* 📦 Embed Pods Frameworks */ = {
			isa = PBXShellScriptBuildPhase;
			buildActionMask = 2147483647;
			files = (
			);
			inputPaths = (
			);
			name = "📦 Embed Pods Frameworks";
			outputPaths = (
			);
			runOnlyForDeploymentPostprocessing = 0;
			shellPath = /bin/sh;
			shellScript = "\"${SRCROOT}/Pods/Target Support Files/Pods-SunGod/Pods-SunGod-frameworks.sh\"\n";
			showEnvVarsInLog = 0;
		};
/* End PBXShellScriptBuildPhase section */

/* Begin PBXSourcesBuildPhase section */
		41ABB09A1CD048BF00DF728A /* Sources */ = {
			isa = PBXSourcesBuildPhase;
			buildActionMask = 2147483647;
			files = (
				ABEFFA611CF7DBF700CE323A /* CommitTableViewCell.swift in Sources */,
				AB8583551CFBE1300032BC0E /* UserNameTableViewCell.swift in Sources */,
				41F4E1241CF3F5E90045119E /* VideosKingsListViewController.swift in Sources */,
				AB99CC041D0D0EFB00D630B8 /* VideoItemTableViewCell.swift in Sources */,
				ABCCD16F1D057F000040D0D9 /* LogViewController.swift in Sources */,
				410B7E1D1CF300FD002EDF77 /* MeViewController.swift in Sources */,
				410B7E1F1CF301AE002EDF77 /* SettingViewController.swift in Sources */,
				AB8583581CFBE6B10032BC0E /* UserDefaults.swift in Sources */,
				AB8583511CFBDFD10032BC0E /* UserPhotoTableViewCell.swift in Sources */,
				41B3AD181D06C40D000DAE82 /* Configs.swift in Sources */,
				ABEFFA5A1CF6FEC200CE323A /* UserSeeCacheViewController.swift in Sources */,
				41F4E1271CF3FB650045119E /* WilldogManger.swift in Sources */,
				AB85834D1CFBDC9D0032BC0E /* MeSettingViewController.swift in Sources */,
				414B31A51CE1892D0011173D /* VideoCollectionViewCell.swift in Sources */,
				41E95FAF1CDB2A78004B23A5 /* VideosListCollectionViewController.swift in Sources */,
				ABCCD16D1D0578CB0040D0D9 /* DownVideo.swift in Sources */,
				41ABB0A21CD048BF00DF728A /* AppDelegate.swift in Sources */,
				410B7E171CF2FD53002EDF77 /* VideosKindsViewController.swift in Sources */,
				ABEFFA6D1CFA97B100CE323A /* VideosKindsModel.swift in Sources */,
				414B31A81CE193540011173D /* VideoItemInformationViewController.swift in Sources */,
				410B7E221CF30588002EDF77 /* VideoKindsCollectionViewCell.swift in Sources */,
				AB99CC071D0EF40800D630B8 /* ComiteViewController.swift in Sources */,
				ABEFFA6B1CFA939100CE323A /* NetWorkingManager.swift in Sources */,
				ABEFFA6F1CFAFC8800CE323A /* QiNiuManager.swift in Sources */,
				AB4051421CEBF8E4004571E4 /* LeftMenuViewController.swift in Sources */,
				41BB67851CE08D0000467584 /* VideoItemModel.swift in Sources */,
			);
			runOnlyForDeploymentPostprocessing = 0;
		};
/* End PBXSourcesBuildPhase section */

/* Begin PBXVariantGroup section */
		41ABB0AA1CD048BF00DF728A /* LaunchScreen.storyboard */ = {
			isa = PBXVariantGroup;
			children = (
				41ABB0AB1CD048BF00DF728A /* Base */,
			);
			name = LaunchScreen.storyboard;
			sourceTree = "<group>";
		};
/* End PBXVariantGroup section */

/* Begin XCBuildConfiguration section */
		41ABB0AE1CD048BF00DF728A /* Debug */ = {
			isa = XCBuildConfiguration;
			buildSettings = {
				ALWAYS_SEARCH_USER_PATHS = NO;
				CLANG_ANALYZER_NONNULL = YES;
				CLANG_CXX_LANGUAGE_STANDARD = "gnu++0x";
				CLANG_CXX_LIBRARY = "libc++";
				CLANG_ENABLE_MODULES = YES;
				CLANG_ENABLE_OBJC_ARC = YES;
				CLANG_WARN_BOOL_CONVERSION = YES;
				CLANG_WARN_CONSTANT_CONVERSION = YES;
				CLANG_WARN_DIRECT_OBJC_ISA_USAGE = YES_ERROR;
				CLANG_WARN_EMPTY_BODY = YES;
				CLANG_WARN_ENUM_CONVERSION = YES;
				CLANG_WARN_INT_CONVERSION = YES;
				CLANG_WARN_OBJC_ROOT_CLASS = YES_ERROR;
				CLANG_WARN_UNREACHABLE_CODE = YES;
				CLANG_WARN__DUPLICATE_METHOD_MATCH = YES;
				"CODE_SIGN_IDENTITY[sdk=iphoneos*]" = "iPhone Developer";
				COPY_PHASE_STRIP = NO;
				DEBUG_INFORMATION_FORMAT = dwarf;
				ENABLE_STRICT_OBJC_MSGSEND = YES;
				ENABLE_TESTABILITY = YES;
				GCC_C_LANGUAGE_STANDARD = gnu99;
				GCC_DYNAMIC_NO_PIC = NO;
				GCC_NO_COMMON_BLOCKS = YES;
				GCC_OPTIMIZATION_LEVEL = 0;
				GCC_PREPROCESSOR_DEFINITIONS = (
					"DEBUG=1",
					"$(inherited)",
				);
				GCC_WARN_64_TO_32_BIT_CONVERSION = YES;
				GCC_WARN_ABOUT_RETURN_TYPE = YES_ERROR;
				GCC_WARN_UNDECLARED_SELECTOR = YES;
				GCC_WARN_UNINITIALIZED_AUTOS = YES_AGGRESSIVE;
				GCC_WARN_UNUSED_FUNCTION = YES;
				GCC_WARN_UNUSED_VARIABLE = YES;
				IPHONEOS_DEPLOYMENT_TARGET = 9.3;
				MTL_ENABLE_DEBUG_INFO = YES;
				ONLY_ACTIVE_ARCH = YES;
				SDKROOT = iphoneos;
				SWIFT_OPTIMIZATION_LEVEL = "-Onone";
			};
			name = Debug;
		};
		41ABB0AF1CD048BF00DF728A /* Release */ = {
			isa = XCBuildConfiguration;
			buildSettings = {
				ALWAYS_SEARCH_USER_PATHS = NO;
				CLANG_ANALYZER_NONNULL = YES;
				CLANG_CXX_LANGUAGE_STANDARD = "gnu++0x";
				CLANG_CXX_LIBRARY = "libc++";
				CLANG_ENABLE_MODULES = YES;
				CLANG_ENABLE_OBJC_ARC = YES;
				CLANG_WARN_BOOL_CONVERSION = YES;
				CLANG_WARN_CONSTANT_CONVERSION = YES;
				CLANG_WARN_DIRECT_OBJC_ISA_USAGE = YES_ERROR;
				CLANG_WARN_EMPTY_BODY = YES;
				CLANG_WARN_ENUM_CONVERSION = YES;
				CLANG_WARN_INT_CONVERSION = YES;
				CLANG_WARN_OBJC_ROOT_CLASS = YES_ERROR;
				CLANG_WARN_UNREACHABLE_CODE = YES;
				CLANG_WARN__DUPLICATE_METHOD_MATCH = YES;
				"CODE_SIGN_IDENTITY[sdk=iphoneos*]" = "iPhone Developer";
				COPY_PHASE_STRIP = NO;
				DEBUG_INFORMATION_FORMAT = "dwarf-with-dsym";
				ENABLE_NS_ASSERTIONS = NO;
				ENABLE_STRICT_OBJC_MSGSEND = YES;
				GCC_C_LANGUAGE_STANDARD = gnu99;
				GCC_NO_COMMON_BLOCKS = YES;
				GCC_WARN_64_TO_32_BIT_CONVERSION = YES;
				GCC_WARN_ABOUT_RETURN_TYPE = YES_ERROR;
				GCC_WARN_UNDECLARED_SELECTOR = YES;
				GCC_WARN_UNINITIALIZED_AUTOS = YES_AGGRESSIVE;
				GCC_WARN_UNUSED_FUNCTION = YES;
				GCC_WARN_UNUSED_VARIABLE = YES;
				IPHONEOS_DEPLOYMENT_TARGET = 9.3;
				MTL_ENABLE_DEBUG_INFO = NO;
				SDKROOT = iphoneos;
				VALIDATE_PRODUCT = YES;
			};
			name = Release;
		};
		41ABB0B11CD048BF00DF728A /* Debug */ = {
			isa = XCBuildConfiguration;
			baseConfigurationReference = BD7F76BAD01D27AD983AB223 /* Pods-SunGod.debug.xcconfig */;
			buildSettings = {
				ASSETCATALOG_COMPILER_APPICON_NAME = AppIcon;
				CLANG_ENABLE_MODULES = YES;
				CODE_SIGN_IDENTITY = "iPhone Developer";
				"CODE_SIGN_IDENTITY[sdk=iphoneos*]" = "iPhone Developer";
				INFOPLIST_FILE = SunGod/Info.plist;
				IPHONEOS_DEPLOYMENT_TARGET = 8.0;
				LD_RUNPATH_SEARCH_PATHS = "$(inherited) @executable_path/Frameworks";
				PRODUCT_BUNDLE_IDENTIFIER = com.taiyangzx.SunGod;
				PRODUCT_NAME = "$(TARGET_NAME)";
				PROVISIONING_PROFILE = "";
				SWIFT_OBJC_BRIDGING_HEADER = "SunGod/SunGod-Bridging-Header.h";
				SWIFT_OPTIMIZATION_LEVEL = "-Onone";
			};
			name = Debug;
		};
		41ABB0B21CD048BF00DF728A /* Release */ = {
			isa = XCBuildConfiguration;
			baseConfigurationReference = FC1F80360CDCA48F9CD0B111 /* Pods-SunGod.release.xcconfig */;
			buildSettings = {
				ASSETCATALOG_COMPILER_APPICON_NAME = AppIcon;
				CLANG_ENABLE_MODULES = YES;
				CODE_SIGN_IDENTITY = "iPhone Developer";
				"CODE_SIGN_IDENTITY[sdk=iphoneos*]" = "iPhone Developer";
				INFOPLIST_FILE = SunGod/Info.plist;
				IPHONEOS_DEPLOYMENT_TARGET = 8.0;
				LD_RUNPATH_SEARCH_PATHS = "$(inherited) @executable_path/Frameworks";
				PRODUCT_BUNDLE_IDENTIFIER = com.taiyangzx.SunGod;
				PRODUCT_NAME = "$(TARGET_NAME)";
				PROVISIONING_PROFILE = "";
				SWIFT_OBJC_BRIDGING_HEADER = "SunGod/SunGod-Bridging-Header.h";
			};
			name = Release;
		};
/* End XCBuildConfiguration section */

/* Begin XCConfigurationList section */
		41ABB0991CD048BF00DF728A /* Build configuration list for PBXProject "SunGod" */ = {
			isa = XCConfigurationList;
			buildConfigurations = (
				41ABB0AE1CD048BF00DF728A /* Debug */,
				41ABB0AF1CD048BF00DF728A /* Release */,
			);
			defaultConfigurationIsVisible = 0;
			defaultConfigurationName = Release;
		};
		41ABB0B01CD048BF00DF728A /* Build configuration list for PBXNativeTarget "SunGod" */ = {
			isa = XCConfigurationList;
			buildConfigurations = (
				41ABB0B11CD048BF00DF728A /* Debug */,
				41ABB0B21CD048BF00DF728A /* Release */,
			);
			defaultConfigurationIsVisible = 0;
			defaultConfigurationName = Release;
		};
/* End XCConfigurationList section */
	};
	rootObject = 41ABB0961CD048BF00DF728A /* Project object */;
}
